
Microsoft Visual Studio Solution File, Format Version 12.00
# Visual Studio 15
VisualStudioVersion = 15.0.27703.2042
MinimumVisualStudioVersion = 10.0.40219.1
Project("{9A19103F-16F7-4668-BE54-9A1E7A4F7556}") = "Exercise1", "Exercise1\Exercise1.csproj", "{2D8218F0-9ADB-452D-B88B-A3365A2683BB}"
EndProject
Project("{9A19103F-16F7-4668-BE54-9A1E7A4F7556}") = "Exercise2", "Exercise2\Exercise2.csproj", "{77FD5B0E-5BA7-46ED-A608-ADDF497862DE}"
EndProject
Project("{9A19103F-16F7-4668-BE54-9A1E7A4F7556}") = "Exercise3", "Example3\Exercise3.csproj", "{1010AE88-BF97-4FF5-9D86-80A105296823}"
EndProject
Project("{9A19103F-16F7-4668-BE54-9A1E7A4F7556}") = "VariablePractice", "VariablePractice\VariablePractice.csproj", "{58AC677D-CD40-437F-A802-7CA712918236}"
EndProject
Project("{FAE04EC0-301F-11D3-BF4B-00C04F79EFBC}") = "methods", "methods\methods.csproj", "{A1A2930A-DA75-4513-98F3-860E7CAE9A97}"
EndProject
Project("{FAE04EC0-301F-11D3-BF4B-00C04F79EFBC}") = "Area-of-Rectangle", "Area-of-Rectangle\Area-of-Rectangle.csproj", "{61739AA8-33EE-4C51-ABE9-5B7DECBDC4F4}"
EndProject
Global
	GlobalSection(SolutionConfigurationPlatforms) = preSolution
		Debug|Any CPU = Debug|Any CPU
		Release|Any CPU = Release|Any CPU
	EndGlobalSection
	GlobalSection(ProjectConfigurationPlatforms) = postSolution
		{2D8218F0-9ADB-452D-B88B-A3365A2683BB}.Debug|Any CPU.ActiveCfg = Debug|Any CPU
		{2D8218F0-9ADB-452D-B88B-A3365A2683BB}.Debug|Any CPU.Build.0 = Debug|Any CPU
		{2D8218F0-9ADB-452D-B88B-A3365A2683BB}.Release|Any CPU.ActiveCfg = Release|Any CPU
		{2D8218F0-9ADB-452D-B88B-A3365A2683BB}.Release|Any CPU.Build.0 = Release|Any CPU
		{77FD5B0E-5BA7-46ED-A608-ADDF497862DE}.Debug|Any CPU.ActiveCfg = Debug|Any CPU
		{77FD5B0E-5BA7-46ED-A608-ADDF497862DE}.Debug|Any CPU.Build.0 = Debug|Any CPU
		{77FD5B0E-5BA7-46ED-A608-ADDF497862DE}.Release|Any CPU.ActiveCfg = Release|Any CPU
		{77FD5B0E-5BA7-46ED-A608-ADDF497862DE}.Release|Any CPU.Build.0 = Release|Any CPU
		{1010AE88-BF97-4FF5-9D86-80A105296823}.Debug|Any CPU.ActiveCfg = Debug|Any CPU
		{1010AE88-BF97-4FF5-9D86-80A105296823}.Debug|Any CPU.Build.0 = Debug|Any CPU
		{1010AE88-BF97-4FF5-9D86-80A105296823}.Release|Any CPU.ActiveCfg = Release|Any CPU
		{1010AE88-BF97-4FF5-9D86-80A105296823}.Release|Any CPU.Build.0 = Release|Any CPU
		{58AC677D-CD40-437F-A802-7CA712918236}.Debug|Any CPU.ActiveCfg = Debug|Any CPU
		{58AC677D-CD40-437F-A802-7CA712918236}.Debug|Any CPU.Build.0 = Debug|Any CPU
		{58AC677D-CD40-437F-A802-7CA712918236}.Release|Any CPU.ActiveCfg = Release|Any CPU
		{58AC677D-CD40-437F-A802-7CA712918236}.Release|Any CPU.Build.0 = Release|Any CPU
		{A1A2930A-DA75-4513-98F3-860E7CAE9A97}.Debug|Any CPU.ActiveCfg = Debug|Any CPU
		{A1A2930A-DA75-4513-98F3-860E7CAE9A97}.Debug|Any CPU.Build.0 = Debug|Any CPU
		{A1A2930A-DA75-4513-98F3-860E7CAE9A97}.Release|Any CPU.ActiveCfg = Release|Any CPU
		{A1A2930A-DA75-4513-98F3-860E7CAE9A97}.Release|Any CPU.Build.0 = Release|Any CPU
		{61739AA8-33EE-4C51-ABE9-5B7DECBDC4F4}.Debug|Any CPU.ActiveCfg = Debug|Any CPU
		{61739AA8-33EE-4C51-ABE9-5B7DECBDC4F4}.Debug|Any CPU.Build.0 = Debug|Any CPU
		{61739AA8-33EE-4C51-ABE9-5B7DECBDC4F4}.Release|Any CPU.ActiveCfg = Release|Any CPU
		{61739AA8-33EE-4C51-ABE9-5B7DECBDC4F4}.Release|Any CPU.Build.0 = Release|Any CPU
	EndGlobalSection
	GlobalSection(SolutionProperties) = preSolution
		HideSolutionNode = FALSE
	EndGlobalSection
	GlobalSection(ExtensibilityGlobals) = postSolution
		SolutionGuid = {5CEF09F6-70EA-4133-8B99-F15810E0963F}
	EndGlobalSection
EndGlobal
