
Microsoft Visual Studio Solution File, Format Version 12.00
# Visual Studio 15
VisualStudioVersion = 15.0.27703.2042
MinimumVisualStudioVersion = 10.0.40219.1
Project("{FAE04EC0-301F-11D3-BF4B-00C04F79EFBC}") = "Exercise 1", "Exercise 1\Exercise 1.csproj", "{61911814-1C9B-4AFD-8F48-DEF2B9D6BDF7}"
EndProject
Global
	GlobalSection(SolutionConfigurationPlatforms) = preSolution
		Debug|Any CPU = Debug|Any CPU
		Release|Any CPU = Release|Any CPU
	EndGlobalSection
	GlobalSection(ProjectConfigurationPlatforms) = postSolution
		{61911814-1C9B-4AFD-8F48-DEF2B9D6BDF7}.Debug|Any CPU.ActiveCfg = Debug|Any CPU
		{61911814-1C9B-4AFD-8F48-DEF2B9D6BDF7}.Debug|Any CPU.Build.0 = Debug|Any CPU
		{61911814-1C9B-4AFD-8F48-DEF2B9D6BDF7}.Release|Any CPU.ActiveCfg = Release|Any CPU
		{61911814-1C9B-4AFD-8F48-DEF2B9D6BDF7}.Release|Any CPU.Build.0 = Release|Any CPU
	EndGlobalSection
	GlobalSection(SolutionProperties) = preSolution
		HideSolutionNode = FALSE
	EndGlobalSection
	GlobalSection(ExtensibilityGlobals) = postSolution
		SolutionGuid = {D9546AB8-CA53-466E-94D7-7586F6AD2763}
	EndGlobalSection
EndGlobal
